
Microsoft Visual Studio Solution File, Format Version 12.00
# Visual Studio Version 17
VisualStudioVersion = 17.9.34622.214
MinimumVisualStudioVersion = 10.0.40219.1
Project("{9A19103F-16F7-4668-BE54-9A1E7A4F7556}") = "BulkyBookWeb", "BulkyWeb\BulkyBookWeb.csproj", "{CDDE916D-36E4-445B-807F-065C64B6F181}"
EndProject
Project("{9A19103F-16F7-4668-BE54-9A1E7A4F7556}") = "BulkyBook.DataAccess", "Bulky.DataAccess\BulkyBook.DataAccess.csproj", "{B0B70A12-4579-4601-8B13-9F6ACECAF470}"
EndProject
Project("{9A19103F-16F7-4668-BE54-9A1E7A4F7556}") = "BulkyBook.Models", "Bulky.Models\BulkyBook.Models.csproj", "{B3B68793-8F2F-4767-BE03-7EB64B60CAE8}"
EndProject
Project("{9A19103F-16F7-4668-BE54-9A1E7A4F7556}") = "BulkyBook.Utility", "Bulky.Utility\BulkyBook.Utility.csproj", "{6BDEBCE4-32E2-4685-8938-03D01BD4FAED}"
EndProject
Global
	GlobalSection(SolutionConfigurationPlatforms) = preSolution
		Debug|Any CPU = Debug|Any CPU
		Release|Any CPU = Release|Any CPU
	EndGlobalSection
	GlobalSection(ProjectConfigurationPlatforms) = postSolution
		{CDDE916D-36E4-445B-807F-065C64B6F181}.Debug|Any CPU.ActiveCfg = Debug|Any CPU
		{CDDE916D-36E4-445B-807F-065C64B6F181}.Debug|Any CPU.Build.0 = Debug|Any CPU
		{CDDE916D-36E4-445B-807F-065C64B6F181}.Release|Any CPU.ActiveCfg = Release|Any CPU
		{CDDE916D-36E4-445B-807F-065C64B6F181}.Release|Any CPU.Build.0 = Release|Any CPU
		{B0B70A12-4579-4601-8B13-9F6ACECAF470}.Debug|Any CPU.ActiveCfg = Debug|Any CPU
		{B0B70A12-4579-4601-8B13-9F6ACECAF470}.Debug|Any CPU.Build.0 = Debug|Any CPU
		{B0B70A12-4579-4601-8B13-9F6ACECAF470}.Release|Any CPU.ActiveCfg = Release|Any CPU
		{B0B70A12-4579-4601-8B13-9F6ACECAF470}.Release|Any CPU.Build.0 = Release|Any CPU
		{B3B68793-8F2F-4767-BE03-7EB64B60CAE8}.Debug|Any CPU.ActiveCfg = Debug|Any CPU
		{B3B68793-8F2F-4767-BE03-7EB64B60CAE8}.Debug|Any CPU.Build.0 = Debug|Any CPU
		{B3B68793-8F2F-4767-BE03-7EB64B60CAE8}.Release|Any CPU.ActiveCfg = Release|Any CPU
		{B3B68793-8F2F-4767-BE03-7EB64B60CAE8}.Release|Any CPU.Build.0 = Release|Any CPU
		{6BDEBCE4-32E2-4685-8938-03D01BD4FAED}.Debug|Any CPU.ActiveCfg = Debug|Any CPU
		{6BDEBCE4-32E2-4685-8938-03D01BD4FAED}.Debug|Any CPU.Build.0 = Debug|Any CPU
		{6BDEBCE4-32E2-4685-8938-03D01BD4FAED}.Release|Any CPU.ActiveCfg = Release|Any CPU
		{6BDEBCE4-32E2-4685-8938-03D01BD4FAED}.Release|Any CPU.Build.0 = Release|Any CPU
	EndGlobalSection
	GlobalSection(SolutionProperties) = preSolution
		HideSolutionNode = FALSE
	EndGlobalSection
	GlobalSection(ExtensibilityGlobals) = postSolution
		SolutionGuid = {601763F3-3F45-4641-B09A-7F0DEF035462}
	EndGlobalSection
EndGlobal
